
Microsoft Visual Studio Solution File, Format Version 12.00
# Visual Studio Version 16
VisualStudioVersion = 16.0.30611.23
MinimumVisualStudioVersion = 10.0.40219.1
Project("{9A19103F-16F7-4668-BE54-9A1E7A4F7556}") = "Fundraiser.Core", "Fundraiser.Core\Fundraiser.Core.csproj", "{4BD4FA76-2ECB-4950-A250-F7D33F9101E2}"
EndProject
Project("{2150E333-8FDC-42A3-9474-1A3956D46DE8}") = "API", "API", "{A1B5D562-4562-4702-AE08-604A671C65F2}"
EndProject
Project("{2150E333-8FDC-42A3-9474-1A3956D46DE8}") = "SchoolManagment", "SchoolManagment", "{1E080CE7-9CA1-410F-98D8-CC95A0DC09B9}"
EndProject
Project("{2150E333-8FDC-42A3-9474-1A3956D46DE8}") = "Fundraiser", "Fundraiser", "{B6A4E19B-0BE9-4917-90DC-C6A33EBA2B99}"
EndProject
Project("{9A19103F-16F7-4668-BE54-9A1E7A4F7556}") = "Fundraiser.Data", "Fundraiser.Data\Fundraiser.Data.csproj", "{EC57CD41-A50F-468C-93F1-DE3FF142F3C0}"
EndProject
Project("{2150E333-8FDC-42A3-9474-1A3956D46DE8}") = "Infrastructure", "Infrastructure", "{2EE89B49-7765-46A6-BDB2-EC758B390ACB}"
EndProject
Project("{2150E333-8FDC-42A3-9474-1A3956D46DE8}") = "Domain", "Domain", "{02BE428C-50F8-4D36-95E4-6D62452FE83E}"
EndProject
Project("{2150E333-8FDC-42A3-9474-1A3956D46DE8}") = "Domain", "Domain", "{08AE1615-4709-41F4-BB0E-6AB83D43C15E}"
EndProject
Project("{2150E333-8FDC-42A3-9474-1A3956D46DE8}") = "IDP", "IDP", "{897DEA56-84B8-400A-BE32-860AC9403FD1}"
EndProject
Project("{2150E333-8FDC-42A3-9474-1A3956D46DE8}") = "Infrastructure", "Infrastructure", "{62877B29-B585-4C10-9DD2-823F4D63B87C}"
EndProject
Project("{9A19103F-16F7-4668-BE54-9A1E7A4F7556}") = "SchoolManagement.Data", "UserManagment.Data\SchoolManagement.Data.csproj", "{F8526ABF-6C7B-480F-B7A8-7140ABA7EEF5}"
EndProject
Project("{9A19103F-16F7-4668-BE54-9A1E7A4F7556}") = "SchoolManagement.Core", "UserManagement.Core\SchoolManagement.Core.csproj", "{4EDB9FA1-E5B1-4D61-BA29-AFE8A2E3ECAD}"
EndProject
Project("{9A19103F-16F7-4668-BE54-9A1E7A4F7556}") = "Fundraiser.API", "Fundraiser.API\Fundraiser.API.csproj", "{3104EB8B-25BB-4C5B-A89B-96F58E2AC140}"
EndProject
Project("{2150E333-8FDC-42A3-9474-1A3956D46DE8}") = "SharedKernel", "SharedKernel", "{EC93484B-B933-4766-A24C-4FCF2092299C}"
EndProject
Project("{9A19103F-16F7-4668-BE54-9A1E7A4F7556}") = "Fundraiser.SharedKernel", "Fundraiser.SharedKernel\Fundraiser.SharedKernel.csproj", "{2CDBE060-6D12-4B73-8D15-999F0F2FA1CC}"
EndProject
Project("{2150E333-8FDC-42A3-9474-1A3956D46DE8}") = "Domain", "Domain", "{6D0EE319-3746-4A70-81C8-3A78139C36CB}"
EndProject
Project("{2150E333-8FDC-42A3-9474-1A3956D46DE8}") = "Infrastructure", "Infrastructure", "{9575291D-47FE-440F-A9FA-6B5825C39000}"
EndProject
Project("{9A19103F-16F7-4668-BE54-9A1E7A4F7556}") = "IDP.Core", "IDP.Core\IDP.Core.csproj", "{BC84C763-FD9A-4FF1-9E3A-316583426038}"
EndProject
Project("{9A19103F-16F7-4668-BE54-9A1E7A4F7556}") = "IDP.Infrastructure", "IDP.Infrastructure\IDP.Infrastructure.csproj", "{B83099C1-29B6-4E46-951E-93EBABC50D07}"
EndProject
Global
	GlobalSection(SolutionConfigurationPlatforms) = preSolution
		Debug|Any CPU = Debug|Any CPU
		Release|Any CPU = Release|Any CPU
	EndGlobalSection
	GlobalSection(ProjectConfigurationPlatforms) = postSolution
		{4BD4FA76-2ECB-4950-A250-F7D33F9101E2}.Debug|Any CPU.ActiveCfg = Debug|Any CPU
		{4BD4FA76-2ECB-4950-A250-F7D33F9101E2}.Debug|Any CPU.Build.0 = Debug|Any CPU
		{4BD4FA76-2ECB-4950-A250-F7D33F9101E2}.Release|Any CPU.ActiveCfg = Release|Any CPU
		{4BD4FA76-2ECB-4950-A250-F7D33F9101E2}.Release|Any CPU.Build.0 = Release|Any CPU
		{EC57CD41-A50F-468C-93F1-DE3FF142F3C0}.Debug|Any CPU.ActiveCfg = Debug|Any CPU
		{EC57CD41-A50F-468C-93F1-DE3FF142F3C0}.Debug|Any CPU.Build.0 = Debug|Any CPU
		{EC57CD41-A50F-468C-93F1-DE3FF142F3C0}.Release|Any CPU.ActiveCfg = Release|Any CPU
		{EC57CD41-A50F-468C-93F1-DE3FF142F3C0}.Release|Any CPU.Build.0 = Release|Any CPU
		{F8526ABF-6C7B-480F-B7A8-7140ABA7EEF5}.Debug|Any CPU.ActiveCfg = Debug|Any CPU
		{F8526ABF-6C7B-480F-B7A8-7140ABA7EEF5}.Debug|Any CPU.Build.0 = Debug|Any CPU
		{F8526ABF-6C7B-480F-B7A8-7140ABA7EEF5}.Release|Any CPU.ActiveCfg = Release|Any CPU
		{F8526ABF-6C7B-480F-B7A8-7140ABA7EEF5}.Release|Any CPU.Build.0 = Release|Any CPU
		{4EDB9FA1-E5B1-4D61-BA29-AFE8A2E3ECAD}.Debug|Any CPU.ActiveCfg = Debug|Any CPU
		{4EDB9FA1-E5B1-4D61-BA29-AFE8A2E3ECAD}.Debug|Any CPU.Build.0 = Debug|Any CPU
		{4EDB9FA1-E5B1-4D61-BA29-AFE8A2E3ECAD}.Release|Any CPU.ActiveCfg = Release|Any CPU
		{4EDB9FA1-E5B1-4D61-BA29-AFE8A2E3ECAD}.Release|Any CPU.Build.0 = Release|Any CPU
		{3104EB8B-25BB-4C5B-A89B-96F58E2AC140}.Debug|Any CPU.ActiveCfg = Debug|Any CPU
		{3104EB8B-25BB-4C5B-A89B-96F58E2AC140}.Debug|Any CPU.Build.0 = Debug|Any CPU
		{3104EB8B-25BB-4C5B-A89B-96F58E2AC140}.Release|Any CPU.ActiveCfg = Release|Any CPU
		{3104EB8B-25BB-4C5B-A89B-96F58E2AC140}.Release|Any CPU.Build.0 = Release|Any CPU
		{2CDBE060-6D12-4B73-8D15-999F0F2FA1CC}.Debug|Any CPU.ActiveCfg = Debug|Any CPU
		{2CDBE060-6D12-4B73-8D15-999F0F2FA1CC}.Debug|Any CPU.Build.0 = Debug|Any CPU
		{2CDBE060-6D12-4B73-8D15-999F0F2FA1CC}.Release|Any CPU.ActiveCfg = Release|Any CPU
		{2CDBE060-6D12-4B73-8D15-999F0F2FA1CC}.Release|Any CPU.Build.0 = Release|Any CPU
		{BC84C763-FD9A-4FF1-9E3A-316583426038}.Debug|Any CPU.ActiveCfg = Debug|Any CPU
		{BC84C763-FD9A-4FF1-9E3A-316583426038}.Debug|Any CPU.Build.0 = Debug|Any CPU
		{BC84C763-FD9A-4FF1-9E3A-316583426038}.Release|Any CPU.ActiveCfg = Release|Any CPU
		{BC84C763-FD9A-4FF1-9E3A-316583426038}.Release|Any CPU.Build.0 = Release|Any CPU
		{B83099C1-29B6-4E46-951E-93EBABC50D07}.Debug|Any CPU.ActiveCfg = Debug|Any CPU
		{B83099C1-29B6-4E46-951E-93EBABC50D07}.Debug|Any CPU.Build.0 = Debug|Any CPU
		{B83099C1-29B6-4E46-951E-93EBABC50D07}.Release|Any CPU.ActiveCfg = Release|Any CPU
		{B83099C1-29B6-4E46-951E-93EBABC50D07}.Release|Any CPU.Build.0 = Release|Any CPU
	EndGlobalSection
	GlobalSection(SolutionProperties) = preSolution
		HideSolutionNode = FALSE
	EndGlobalSection
	GlobalSection(NestedProjects) = preSolution
		{4BD4FA76-2ECB-4950-A250-F7D33F9101E2} = {02BE428C-50F8-4D36-95E4-6D62452FE83E}
		{1E080CE7-9CA1-410F-98D8-CC95A0DC09B9} = {A1B5D562-4562-4702-AE08-604A671C65F2}
		{B6A4E19B-0BE9-4917-90DC-C6A33EBA2B99} = {A1B5D562-4562-4702-AE08-604A671C65F2}
		{EC57CD41-A50F-468C-93F1-DE3FF142F3C0} = {2EE89B49-7765-46A6-BDB2-EC758B390ACB}
		{2EE89B49-7765-46A6-BDB2-EC758B390ACB} = {B6A4E19B-0BE9-4917-90DC-C6A33EBA2B99}
		{02BE428C-50F8-4D36-95E4-6D62452FE83E} = {B6A4E19B-0BE9-4917-90DC-C6A33EBA2B99}
		{08AE1615-4709-41F4-BB0E-6AB83D43C15E} = {1E080CE7-9CA1-410F-98D8-CC95A0DC09B9}
		{62877B29-B585-4C10-9DD2-823F4D63B87C} = {1E080CE7-9CA1-410F-98D8-CC95A0DC09B9}
		{F8526ABF-6C7B-480F-B7A8-7140ABA7EEF5} = {62877B29-B585-4C10-9DD2-823F4D63B87C}
		{4EDB9FA1-E5B1-4D61-BA29-AFE8A2E3ECAD} = {08AE1615-4709-41F4-BB0E-6AB83D43C15E}
		{3104EB8B-25BB-4C5B-A89B-96F58E2AC140} = {A1B5D562-4562-4702-AE08-604A671C65F2}
		{EC93484B-B933-4766-A24C-4FCF2092299C} = {A1B5D562-4562-4702-AE08-604A671C65F2}
		{2CDBE060-6D12-4B73-8D15-999F0F2FA1CC} = {EC93484B-B933-4766-A24C-4FCF2092299C}
		{6D0EE319-3746-4A70-81C8-3A78139C36CB} = {897DEA56-84B8-400A-BE32-860AC9403FD1}
		{9575291D-47FE-440F-A9FA-6B5825C39000} = {897DEA56-84B8-400A-BE32-860AC9403FD1}
		{BC84C763-FD9A-4FF1-9E3A-316583426038} = {6D0EE319-3746-4A70-81C8-3A78139C36CB}
		{B83099C1-29B6-4E46-951E-93EBABC50D07} = {9575291D-47FE-440F-A9FA-6B5825C39000}
	EndGlobalSection
	GlobalSection(ExtensibilityGlobals) = postSolution
		SolutionGuid = {00C5B4DC-91D0-43D6-94F0-B2CD3E6A111D}
	EndGlobalSection
EndGlobal
