
Microsoft Visual Studio Solution File, Format Version 12.00
# Visual Studio Version 16
VisualStudioVersion = 16.0.30611.23
MinimumVisualStudioVersion = 10.0.40219.1
Project("{2150E333-8FDC-42A3-9474-1A3956D46DE8}") = "SchoolManagement", "SchoolManagement", "{1E080CE7-9CA1-410F-98D8-CC95A0DC09B9}"
EndProject
Project("{2150E333-8FDC-42A3-9474-1A3956D46DE8}") = "FundraiserManagement", "FundraiserManagement", "{B6A4E19B-0BE9-4917-90DC-C6A33EBA2B99}"
EndProject
Project("{2150E333-8FDC-42A3-9474-1A3956D46DE8}") = "SharedKernel", "SharedKernel", "{EC93484B-B933-4766-A24C-4FCF2092299C}"
EndProject
Project("{2150E333-8FDC-42A3-9474-1A3956D46DE8}") = "src", "src", "{D302C5A7-94AD-47F3-9F7B-00846BCF765B}"
EndProject
Project("{2150E333-8FDC-42A3-9474-1A3956D46DE8}") = "tests", "tests", "{829116D2-9215-45EC-9313-CD6E8DE18AA5}"
EndProject
Project("{2150E333-8FDC-42A3-9474-1A3956D46DE8}") = "Fundraiser", "Fundraiser", "{3AD8E9D5-57FA-4EA8-A108-588B1221E387}"
EndProject
Project("{2150E333-8FDC-42A3-9474-1A3956D46DE8}") = "SchoolManagement", "SchoolManagement", "{1BEED5CE-CF74-4565-974B-65DBAAD1F382}"
EndProject
Project("{2150E333-8FDC-42A3-9474-1A3956D46DE8}") = "SharedKernel", "SharedKernel", "{DB29BF0C-C582-4F19-9694-B328747BF3B8}"
EndProject
Project("{9A19103F-16F7-4668-BE54-9A1E7A4F7556}") = "SchoolManagement.Application", "src\SchoolManagement\SchoolManagement.Application\SchoolManagement.Application.csproj", "{6D9C97D3-F19B-47D7-B70E-50A9CCF561F4}"
EndProject
Project("{9A19103F-16F7-4668-BE54-9A1E7A4F7556}") = "SchoolManagement.Domain", "src\SchoolManagement\SchoolManagement.Domain\SchoolManagement.Domain.csproj", "{78328D8E-9911-41A4-BC01-F98AAAD0BBDB}"
EndProject
Project("{9A19103F-16F7-4668-BE54-9A1E7A4F7556}") = "SchoolManagement.Infrastructure", "src\SchoolManagement\SchoolManagement.Infrastructure\SchoolManagement.Infrastructure.csproj", "{42AE105C-8FA1-4AD7-ADEF-4673A2A308C6}"
EndProject
Project("{9A19103F-16F7-4668-BE54-9A1E7A4F7556}") = "SharedKernel.Domain", "src\SharedKernel\SharedKernel.Domain\SharedKernel.Domain.csproj", "{344DCE73-FE03-4B55-893E-3FA0DFA7579E}"
EndProject
Project("{9A19103F-16F7-4668-BE54-9A1E7A4F7556}") = "SharedKernel.Infrastructure", "src\SharedKernel\SharedKernel.Infrastructure\SharedKernel.Infrastructure.csproj", "{49177C4F-E620-4EC8-96B7-98384E7E371F}"
EndProject
Project("{2150E333-8FDC-42A3-9474-1A3956D46DE8}") = "git", "git", "{8A9A1113-CFED-41DE-9527-F3458D8A3944}"
	ProjectSection(SolutionItems) = preProject
		.gitignore = .gitignore
	EndProjectSection
EndProject
Project("{2150E333-8FDC-42A3-9474-1A3956D46DE8}") = "IdentityProvider", "IdentityProvider", "{0932DA55-35FB-4E57-9C6F-A8B23042959D}"
EndProject
Project("{9A19103F-16F7-4668-BE54-9A1E7A4F7556}") = "IDP.Client", "src\IdentityProvider\IDP.Client\IDP.Client.csproj", "{C26E3296-21E6-49E6-BBD4-83C79EF2F1F7}"
EndProject
Project("{9A19103F-16F7-4668-BE54-9A1E7A4F7556}") = "IDP.Application", "src\IdentityProvider\IDP.Application\IDP.Application.csproj", "{8AF7D90F-FA05-4E13-8B69-CA15A75DD2C1}"
EndProject
Project("{9A19103F-16F7-4668-BE54-9A1E7A4F7556}") = "IDP.Infrastructure", "src\IdentityProvider\IDP.Infrastructure\IDP.Infrastructure.csproj", "{5F6130CA-62C2-4063-B6BF-6B78558439D7}"
EndProject
Project("{9A19103F-16F7-4668-BE54-9A1E7A4F7556}") = "IDP.Domain", "src\IdentityProvider\IDP.Domain\IDP.Domain.csproj", "{9EA12E8F-1D1B-4F78-AF51-BF41D7FD0094}"
EndProject
Project("{9A19103F-16F7-4668-BE54-9A1E7A4F7556}") = "DlxWorker", "src\DlxWorker\DlxWorker.csproj", "{A1CC05AE-5B72-4F11-8620-ABF38D4BFD98}"
EndProject
Project("{9A19103F-16F7-4668-BE54-9A1E7A4F7556}") = "SchoolManagement.UnitTests", "tests\SchoolManagement.UnitTests\SchoolManagement.UnitTests.csproj", "{BFA03DB3-A8A2-4579-845C-18F746FB377F}"
	ProjectSection(ProjectDependencies) = postProject
		{78328D8E-9911-41A4-BC01-F98AAAD0BBDB} = {78328D8E-9911-41A4-BC01-F98AAAD0BBDB}
	EndProjectSection
EndProject
Project("{9A19103F-16F7-4668-BE54-9A1E7A4F7556}") = "eSchool.API", "src\eSchool.API\eSchool.API.csproj", "{C2BDA2E8-3923-423E-B394-23926230DA16}"
EndProject
Project("{9A19103F-16F7-4668-BE54-9A1E7A4F7556}") = "FundraiserManagement.Infrastructure", "src\FundraiserManagement\FundraiserManagement.Infrastructure\FundraiserManagement.Infrastructure.csproj", "{AB96E942-ABCD-4AA2-8F35-A43F1399F7F9}"
EndProject
Project("{9A19103F-16F7-4668-BE54-9A1E7A4F7556}") = "FundraiserManagement.Domain", "src\FundraiserManagement\FundraiserManagement.Domain\FundraiserManagement.Domain.csproj", "{79285F6B-5FEE-4B9B-9B00-7C1C273B513E}"
EndProject
Project("{9A19103F-16F7-4668-BE54-9A1E7A4F7556}") = "FundraiserManagement.Application", "src\FundraiserManagement\FundraiserManagement.Application\FundraiserManagement.Application.csproj", "{46C291BB-5DD6-492F-AF2C-477206807B86}"
EndProject
Project("{9A19103F-16F7-4668-BE54-9A1E7A4F7556}") = "FundraiserManagement.IntegrationTests", "tests\FundraiserManagement.IntegrationTests\FundraiserManagement.IntegrationTests.csproj", "{253A3C13-A589-4EA3-8E1B-1A220CCF88CC}"
EndProject
Global
	GlobalSection(SolutionConfigurationPlatforms) = preSolution
		Debug|Any CPU = Debug|Any CPU
		Release|Any CPU = Release|Any CPU
	EndGlobalSection
	GlobalSection(ProjectConfigurationPlatforms) = postSolution
		{6D9C97D3-F19B-47D7-B70E-50A9CCF561F4}.Debug|Any CPU.ActiveCfg = Debug|Any CPU
		{6D9C97D3-F19B-47D7-B70E-50A9CCF561F4}.Debug|Any CPU.Build.0 = Debug|Any CPU
		{6D9C97D3-F19B-47D7-B70E-50A9CCF561F4}.Release|Any CPU.ActiveCfg = Release|Any CPU
		{6D9C97D3-F19B-47D7-B70E-50A9CCF561F4}.Release|Any CPU.Build.0 = Release|Any CPU
		{78328D8E-9911-41A4-BC01-F98AAAD0BBDB}.Debug|Any CPU.ActiveCfg = Debug|Any CPU
		{78328D8E-9911-41A4-BC01-F98AAAD0BBDB}.Debug|Any CPU.Build.0 = Debug|Any CPU
		{78328D8E-9911-41A4-BC01-F98AAAD0BBDB}.Release|Any CPU.ActiveCfg = Release|Any CPU
		{78328D8E-9911-41A4-BC01-F98AAAD0BBDB}.Release|Any CPU.Build.0 = Release|Any CPU
		{42AE105C-8FA1-4AD7-ADEF-4673A2A308C6}.Debug|Any CPU.ActiveCfg = Debug|Any CPU
		{42AE105C-8FA1-4AD7-ADEF-4673A2A308C6}.Debug|Any CPU.Build.0 = Debug|Any CPU
		{42AE105C-8FA1-4AD7-ADEF-4673A2A308C6}.Release|Any CPU.ActiveCfg = Release|Any CPU
		{42AE105C-8FA1-4AD7-ADEF-4673A2A308C6}.Release|Any CPU.Build.0 = Release|Any CPU
		{344DCE73-FE03-4B55-893E-3FA0DFA7579E}.Debug|Any CPU.ActiveCfg = Debug|Any CPU
		{344DCE73-FE03-4B55-893E-3FA0DFA7579E}.Debug|Any CPU.Build.0 = Debug|Any CPU
		{344DCE73-FE03-4B55-893E-3FA0DFA7579E}.Release|Any CPU.ActiveCfg = Release|Any CPU
		{344DCE73-FE03-4B55-893E-3FA0DFA7579E}.Release|Any CPU.Build.0 = Release|Any CPU
		{49177C4F-E620-4EC8-96B7-98384E7E371F}.Debug|Any CPU.ActiveCfg = Debug|Any CPU
		{49177C4F-E620-4EC8-96B7-98384E7E371F}.Debug|Any CPU.Build.0 = Debug|Any CPU
		{49177C4F-E620-4EC8-96B7-98384E7E371F}.Release|Any CPU.ActiveCfg = Release|Any CPU
		{49177C4F-E620-4EC8-96B7-98384E7E371F}.Release|Any CPU.Build.0 = Release|Any CPU
		{C26E3296-21E6-49E6-BBD4-83C79EF2F1F7}.Debug|Any CPU.ActiveCfg = Debug|Any CPU
		{C26E3296-21E6-49E6-BBD4-83C79EF2F1F7}.Debug|Any CPU.Build.0 = Debug|Any CPU
		{C26E3296-21E6-49E6-BBD4-83C79EF2F1F7}.Release|Any CPU.ActiveCfg = Release|Any CPU
		{C26E3296-21E6-49E6-BBD4-83C79EF2F1F7}.Release|Any CPU.Build.0 = Release|Any CPU
		{8AF7D90F-FA05-4E13-8B69-CA15A75DD2C1}.Debug|Any CPU.ActiveCfg = Debug|Any CPU
		{8AF7D90F-FA05-4E13-8B69-CA15A75DD2C1}.Debug|Any CPU.Build.0 = Debug|Any CPU
		{8AF7D90F-FA05-4E13-8B69-CA15A75DD2C1}.Release|Any CPU.ActiveCfg = Release|Any CPU
		{8AF7D90F-FA05-4E13-8B69-CA15A75DD2C1}.Release|Any CPU.Build.0 = Release|Any CPU
		{5F6130CA-62C2-4063-B6BF-6B78558439D7}.Debug|Any CPU.ActiveCfg = Debug|Any CPU
		{5F6130CA-62C2-4063-B6BF-6B78558439D7}.Debug|Any CPU.Build.0 = Debug|Any CPU
		{5F6130CA-62C2-4063-B6BF-6B78558439D7}.Release|Any CPU.ActiveCfg = Release|Any CPU
		{5F6130CA-62C2-4063-B6BF-6B78558439D7}.Release|Any CPU.Build.0 = Release|Any CPU
		{9EA12E8F-1D1B-4F78-AF51-BF41D7FD0094}.Debug|Any CPU.ActiveCfg = Debug|Any CPU
		{9EA12E8F-1D1B-4F78-AF51-BF41D7FD0094}.Debug|Any CPU.Build.0 = Debug|Any CPU
		{9EA12E8F-1D1B-4F78-AF51-BF41D7FD0094}.Release|Any CPU.ActiveCfg = Release|Any CPU
		{9EA12E8F-1D1B-4F78-AF51-BF41D7FD0094}.Release|Any CPU.Build.0 = Release|Any CPU
		{A1CC05AE-5B72-4F11-8620-ABF38D4BFD98}.Debug|Any CPU.ActiveCfg = Debug|Any CPU
		{A1CC05AE-5B72-4F11-8620-ABF38D4BFD98}.Debug|Any CPU.Build.0 = Debug|Any CPU
		{A1CC05AE-5B72-4F11-8620-ABF38D4BFD98}.Release|Any CPU.ActiveCfg = Release|Any CPU
		{A1CC05AE-5B72-4F11-8620-ABF38D4BFD98}.Release|Any CPU.Build.0 = Release|Any CPU
		{BFA03DB3-A8A2-4579-845C-18F746FB377F}.Debug|Any CPU.ActiveCfg = Debug|Any CPU
		{BFA03DB3-A8A2-4579-845C-18F746FB377F}.Debug|Any CPU.Build.0 = Debug|Any CPU
		{BFA03DB3-A8A2-4579-845C-18F746FB377F}.Release|Any CPU.ActiveCfg = Release|Any CPU
		{BFA03DB3-A8A2-4579-845C-18F746FB377F}.Release|Any CPU.Build.0 = Release|Any CPU
		{C2BDA2E8-3923-423E-B394-23926230DA16}.Debug|Any CPU.ActiveCfg = Debug|Any CPU
		{C2BDA2E8-3923-423E-B394-23926230DA16}.Debug|Any CPU.Build.0 = Debug|Any CPU
		{C2BDA2E8-3923-423E-B394-23926230DA16}.Release|Any CPU.ActiveCfg = Release|Any CPU
		{C2BDA2E8-3923-423E-B394-23926230DA16}.Release|Any CPU.Build.0 = Release|Any CPU
		{AB96E942-ABCD-4AA2-8F35-A43F1399F7F9}.Debug|Any CPU.ActiveCfg = Debug|Any CPU
		{AB96E942-ABCD-4AA2-8F35-A43F1399F7F9}.Debug|Any CPU.Build.0 = Debug|Any CPU
		{AB96E942-ABCD-4AA2-8F35-A43F1399F7F9}.Release|Any CPU.ActiveCfg = Release|Any CPU
		{AB96E942-ABCD-4AA2-8F35-A43F1399F7F9}.Release|Any CPU.Build.0 = Release|Any CPU
		{79285F6B-5FEE-4B9B-9B00-7C1C273B513E}.Debug|Any CPU.ActiveCfg = Debug|Any CPU
		{79285F6B-5FEE-4B9B-9B00-7C1C273B513E}.Debug|Any CPU.Build.0 = Debug|Any CPU
		{79285F6B-5FEE-4B9B-9B00-7C1C273B513E}.Release|Any CPU.ActiveCfg = Release|Any CPU
		{79285F6B-5FEE-4B9B-9B00-7C1C273B513E}.Release|Any CPU.Build.0 = Release|Any CPU
		{46C291BB-5DD6-492F-AF2C-477206807B86}.Debug|Any CPU.ActiveCfg = Debug|Any CPU
		{46C291BB-5DD6-492F-AF2C-477206807B86}.Debug|Any CPU.Build.0 = Debug|Any CPU
		{46C291BB-5DD6-492F-AF2C-477206807B86}.Release|Any CPU.ActiveCfg = Release|Any CPU
		{46C291BB-5DD6-492F-AF2C-477206807B86}.Release|Any CPU.Build.0 = Release|Any CPU
		{253A3C13-A589-4EA3-8E1B-1A220CCF88CC}.Debug|Any CPU.ActiveCfg = Debug|Any CPU
		{253A3C13-A589-4EA3-8E1B-1A220CCF88CC}.Debug|Any CPU.Build.0 = Debug|Any CPU
		{253A3C13-A589-4EA3-8E1B-1A220CCF88CC}.Release|Any CPU.ActiveCfg = Release|Any CPU
		{253A3C13-A589-4EA3-8E1B-1A220CCF88CC}.Release|Any CPU.Build.0 = Release|Any CPU
	EndGlobalSection
	GlobalSection(SolutionProperties) = preSolution
		HideSolutionNode = FALSE
	EndGlobalSection
	GlobalSection(NestedProjects) = preSolution
		{1E080CE7-9CA1-410F-98D8-CC95A0DC09B9} = {D302C5A7-94AD-47F3-9F7B-00846BCF765B}
		{B6A4E19B-0BE9-4917-90DC-C6A33EBA2B99} = {D302C5A7-94AD-47F3-9F7B-00846BCF765B}
		{EC93484B-B933-4766-A24C-4FCF2092299C} = {D302C5A7-94AD-47F3-9F7B-00846BCF765B}
		{3AD8E9D5-57FA-4EA8-A108-588B1221E387} = {829116D2-9215-45EC-9313-CD6E8DE18AA5}
		{1BEED5CE-CF74-4565-974B-65DBAAD1F382} = {829116D2-9215-45EC-9313-CD6E8DE18AA5}
		{DB29BF0C-C582-4F19-9694-B328747BF3B8} = {829116D2-9215-45EC-9313-CD6E8DE18AA5}
		{6D9C97D3-F19B-47D7-B70E-50A9CCF561F4} = {1E080CE7-9CA1-410F-98D8-CC95A0DC09B9}
		{78328D8E-9911-41A4-BC01-F98AAAD0BBDB} = {1E080CE7-9CA1-410F-98D8-CC95A0DC09B9}
		{42AE105C-8FA1-4AD7-ADEF-4673A2A308C6} = {1E080CE7-9CA1-410F-98D8-CC95A0DC09B9}
		{344DCE73-FE03-4B55-893E-3FA0DFA7579E} = {EC93484B-B933-4766-A24C-4FCF2092299C}
		{49177C4F-E620-4EC8-96B7-98384E7E371F} = {EC93484B-B933-4766-A24C-4FCF2092299C}
		{0932DA55-35FB-4E57-9C6F-A8B23042959D} = {D302C5A7-94AD-47F3-9F7B-00846BCF765B}
		{C26E3296-21E6-49E6-BBD4-83C79EF2F1F7} = {0932DA55-35FB-4E57-9C6F-A8B23042959D}
		{8AF7D90F-FA05-4E13-8B69-CA15A75DD2C1} = {0932DA55-35FB-4E57-9C6F-A8B23042959D}
		{5F6130CA-62C2-4063-B6BF-6B78558439D7} = {0932DA55-35FB-4E57-9C6F-A8B23042959D}
		{9EA12E8F-1D1B-4F78-AF51-BF41D7FD0094} = {0932DA55-35FB-4E57-9C6F-A8B23042959D}
		{A1CC05AE-5B72-4F11-8620-ABF38D4BFD98} = {D302C5A7-94AD-47F3-9F7B-00846BCF765B}
		{BFA03DB3-A8A2-4579-845C-18F746FB377F} = {1BEED5CE-CF74-4565-974B-65DBAAD1F382}
		{C2BDA2E8-3923-423E-B394-23926230DA16} = {D302C5A7-94AD-47F3-9F7B-00846BCF765B}
		{AB96E942-ABCD-4AA2-8F35-A43F1399F7F9} = {B6A4E19B-0BE9-4917-90DC-C6A33EBA2B99}
		{79285F6B-5FEE-4B9B-9B00-7C1C273B513E} = {B6A4E19B-0BE9-4917-90DC-C6A33EBA2B99}
		{46C291BB-5DD6-492F-AF2C-477206807B86} = {B6A4E19B-0BE9-4917-90DC-C6A33EBA2B99}
		{253A3C13-A589-4EA3-8E1B-1A220CCF88CC} = {3AD8E9D5-57FA-4EA8-A108-588B1221E387}
	EndGlobalSection
	GlobalSection(ExtensibilityGlobals) = postSolution
		SolutionGuid = {00C5B4DC-91D0-43D6-94F0-B2CD3E6A111D}
	EndGlobalSection
EndGlobal
