
Microsoft Visual Studio Solution File, Format Version 12.00
# Visual Studio Version 16
VisualStudioVersion = 16.0.30611.23
MinimumVisualStudioVersion = 10.0.40219.1
Project("{2150E333-8FDC-42A3-9474-1A3956D46DE8}") = "SchoolManagment", "SchoolManagment", "{1E080CE7-9CA1-410F-98D8-CC95A0DC09B9}"
EndProject
Project("{2150E333-8FDC-42A3-9474-1A3956D46DE8}") = "Fundraiser", "Fundraiser", "{B6A4E19B-0BE9-4917-90DC-C6A33EBA2B99}"
EndProject
Project("{2150E333-8FDC-42A3-9474-1A3956D46DE8}") = "IdentityProvider", "IdentityProvider", "{897DEA56-84B8-400A-BE32-860AC9403FD1}"
EndProject
Project("{2150E333-8FDC-42A3-9474-1A3956D46DE8}") = "SharedKernel", "SharedKernel", "{EC93484B-B933-4766-A24C-4FCF2092299C}"
EndProject
Project("{2150E333-8FDC-42A3-9474-1A3956D46DE8}") = "src", "src", "{D302C5A7-94AD-47F3-9F7B-00846BCF765B}"
EndProject
Project("{2150E333-8FDC-42A3-9474-1A3956D46DE8}") = "tests", "tests", "{829116D2-9215-45EC-9313-CD6E8DE18AA5}"
EndProject
Project("{2150E333-8FDC-42A3-9474-1A3956D46DE8}") = "Fundraiser", "Fundraiser", "{3AD8E9D5-57FA-4EA8-A108-588B1221E387}"
EndProject
Project("{2150E333-8FDC-42A3-9474-1A3956D46DE8}") = "SchoolManagement", "SchoolManagement", "{1BEED5CE-CF74-4565-974B-65DBAAD1F382}"
EndProject
Project("{2150E333-8FDC-42A3-9474-1A3956D46DE8}") = "SharedKernel", "SharedKernel", "{DB29BF0C-C582-4F19-9694-B328747BF3B8}"
EndProject
Project("{9A19103F-16F7-4668-BE54-9A1E7A4F7556}") = "Fundraiser.Application", "src\Fundraiser\Fundraiser.Application\Fundraiser.Application.csproj", "{58A59689-C0BF-45F8-A2BC-04A3CB5ED6E5}"
EndProject
Project("{9A19103F-16F7-4668-BE54-9A1E7A4F7556}") = "Fundraiser.Domain", "src\Fundraiser\Fundraiser.Domain\Fundraiser.Domain.csproj", "{373203DF-5D6F-43DD-B5CB-5A16BFF47585}"
EndProject
Project("{9A19103F-16F7-4668-BE54-9A1E7A4F7556}") = "Fundraiser.Infrastructure", "src\Fundraiser\Fundraiser.Infrastructure\Fundraiser.Infrastructure.csproj", "{58255A1F-D93C-45E0-A5BA-75583D8617A7}"
EndProject
Project("{9A19103F-16F7-4668-BE54-9A1E7A4F7556}") = "IDP.Domain", "src\IdentityProvider\IDP.Domain\IDP.Domain.csproj", "{EBFF4266-F0C9-41E4-BE19-680E3447F434}"
EndProject
Project("{9A19103F-16F7-4668-BE54-9A1E7A4F7556}") = "IDP.Infrastructure", "src\IdentityProvider\IDP.Infrastructure\IDP.Infrastructure.csproj", "{B50FD6C0-A451-41CB-98B1-FFA8FED9EE2F}"
EndProject
Project("{9A19103F-16F7-4668-BE54-9A1E7A4F7556}") = "SchoolManagement.Application", "src\SchoolManagement\SchoolManagement.Application\SchoolManagement.Application.csproj", "{6D9C97D3-F19B-47D7-B70E-50A9CCF561F4}"
EndProject
Project("{9A19103F-16F7-4668-BE54-9A1E7A4F7556}") = "SchoolManagement.Domain", "src\SchoolManagement\SchoolManagement.Domain\SchoolManagement.Domain.csproj", "{78328D8E-9911-41A4-BC01-F98AAAD0BBDB}"
EndProject
Project("{9A19103F-16F7-4668-BE54-9A1E7A4F7556}") = "Backend.API", "src\Backend.API\Backend.API.csproj", "{038C9AAF-87E5-4637-99F1-650D58D2D05D}"
EndProject
Project("{9A19103F-16F7-4668-BE54-9A1E7A4F7556}") = "SchoolManagement.Infrastructure", "src\SchoolManagement\SchoolManagement.Infrastructure\SchoolManagement.Infrastructure.csproj", "{42AE105C-8FA1-4AD7-ADEF-4673A2A308C6}"
EndProject
Project("{9A19103F-16F7-4668-BE54-9A1E7A4F7556}") = "SharedKernel.Domain", "src\SharedKernel\SharedKernel.Domain\SharedKernel.Domain.csproj", "{344DCE73-FE03-4B55-893E-3FA0DFA7579E}"
EndProject
Project("{9A19103F-16F7-4668-BE54-9A1E7A4F7556}") = "SharedKernel.Infrastructure", "src\SharedKernel\SharedKernel.Infrastructure\SharedKernel.Infrastructure.csproj", "{49177C4F-E620-4EC8-96B7-98384E7E371F}"
EndProject
Project("{9A19103F-16F7-4668-BE54-9A1E7A4F7556}") = "IDP.Application", "src\IdentityProvider\IDP.Application\IDP.Application.csproj", "{70313924-8F1E-4FC3-923D-96EB8846BC73}"
EndProject
Project("{2150E333-8FDC-42A3-9474-1A3956D46DE8}") = "git", "git", "{8A9A1113-CFED-41DE-9527-F3458D8A3944}"
	ProjectSection(SolutionItems) = preProject
		.gitignore = .gitignore
	EndProjectSection
EndProject
Global
	GlobalSection(SolutionConfigurationPlatforms) = preSolution
		Debug|Any CPU = Debug|Any CPU
		Release|Any CPU = Release|Any CPU
	EndGlobalSection
	GlobalSection(ProjectConfigurationPlatforms) = postSolution
		{58A59689-C0BF-45F8-A2BC-04A3CB5ED6E5}.Debug|Any CPU.ActiveCfg = Debug|Any CPU
		{58A59689-C0BF-45F8-A2BC-04A3CB5ED6E5}.Debug|Any CPU.Build.0 = Debug|Any CPU
		{58A59689-C0BF-45F8-A2BC-04A3CB5ED6E5}.Release|Any CPU.ActiveCfg = Release|Any CPU
		{58A59689-C0BF-45F8-A2BC-04A3CB5ED6E5}.Release|Any CPU.Build.0 = Release|Any CPU
		{373203DF-5D6F-43DD-B5CB-5A16BFF47585}.Debug|Any CPU.ActiveCfg = Debug|Any CPU
		{373203DF-5D6F-43DD-B5CB-5A16BFF47585}.Debug|Any CPU.Build.0 = Debug|Any CPU
		{373203DF-5D6F-43DD-B5CB-5A16BFF47585}.Release|Any CPU.ActiveCfg = Release|Any CPU
		{373203DF-5D6F-43DD-B5CB-5A16BFF47585}.Release|Any CPU.Build.0 = Release|Any CPU
		{58255A1F-D93C-45E0-A5BA-75583D8617A7}.Debug|Any CPU.ActiveCfg = Debug|Any CPU
		{58255A1F-D93C-45E0-A5BA-75583D8617A7}.Debug|Any CPU.Build.0 = Debug|Any CPU
		{58255A1F-D93C-45E0-A5BA-75583D8617A7}.Release|Any CPU.ActiveCfg = Release|Any CPU
		{58255A1F-D93C-45E0-A5BA-75583D8617A7}.Release|Any CPU.Build.0 = Release|Any CPU
		{EBFF4266-F0C9-41E4-BE19-680E3447F434}.Debug|Any CPU.ActiveCfg = Debug|Any CPU
		{EBFF4266-F0C9-41E4-BE19-680E3447F434}.Debug|Any CPU.Build.0 = Debug|Any CPU
		{EBFF4266-F0C9-41E4-BE19-680E3447F434}.Release|Any CPU.ActiveCfg = Release|Any CPU
		{EBFF4266-F0C9-41E4-BE19-680E3447F434}.Release|Any CPU.Build.0 = Release|Any CPU
		{B50FD6C0-A451-41CB-98B1-FFA8FED9EE2F}.Debug|Any CPU.ActiveCfg = Debug|Any CPU
		{B50FD6C0-A451-41CB-98B1-FFA8FED9EE2F}.Debug|Any CPU.Build.0 = Debug|Any CPU
		{B50FD6C0-A451-41CB-98B1-FFA8FED9EE2F}.Release|Any CPU.ActiveCfg = Release|Any CPU
		{B50FD6C0-A451-41CB-98B1-FFA8FED9EE2F}.Release|Any CPU.Build.0 = Release|Any CPU
		{6D9C97D3-F19B-47D7-B70E-50A9CCF561F4}.Debug|Any CPU.ActiveCfg = Debug|Any CPU
		{6D9C97D3-F19B-47D7-B70E-50A9CCF561F4}.Debug|Any CPU.Build.0 = Debug|Any CPU
		{6D9C97D3-F19B-47D7-B70E-50A9CCF561F4}.Release|Any CPU.ActiveCfg = Release|Any CPU
		{6D9C97D3-F19B-47D7-B70E-50A9CCF561F4}.Release|Any CPU.Build.0 = Release|Any CPU
		{78328D8E-9911-41A4-BC01-F98AAAD0BBDB}.Debug|Any CPU.ActiveCfg = Debug|Any CPU
		{78328D8E-9911-41A4-BC01-F98AAAD0BBDB}.Debug|Any CPU.Build.0 = Debug|Any CPU
		{78328D8E-9911-41A4-BC01-F98AAAD0BBDB}.Release|Any CPU.ActiveCfg = Release|Any CPU
		{78328D8E-9911-41A4-BC01-F98AAAD0BBDB}.Release|Any CPU.Build.0 = Release|Any CPU
		{038C9AAF-87E5-4637-99F1-650D58D2D05D}.Debug|Any CPU.ActiveCfg = Debug|Any CPU
		{038C9AAF-87E5-4637-99F1-650D58D2D05D}.Debug|Any CPU.Build.0 = Debug|Any CPU
		{038C9AAF-87E5-4637-99F1-650D58D2D05D}.Release|Any CPU.ActiveCfg = Release|Any CPU
		{038C9AAF-87E5-4637-99F1-650D58D2D05D}.Release|Any CPU.Build.0 = Release|Any CPU
		{42AE105C-8FA1-4AD7-ADEF-4673A2A308C6}.Debug|Any CPU.ActiveCfg = Debug|Any CPU
		{42AE105C-8FA1-4AD7-ADEF-4673A2A308C6}.Debug|Any CPU.Build.0 = Debug|Any CPU
		{42AE105C-8FA1-4AD7-ADEF-4673A2A308C6}.Release|Any CPU.ActiveCfg = Release|Any CPU
		{42AE105C-8FA1-4AD7-ADEF-4673A2A308C6}.Release|Any CPU.Build.0 = Release|Any CPU
		{344DCE73-FE03-4B55-893E-3FA0DFA7579E}.Debug|Any CPU.ActiveCfg = Debug|Any CPU
		{344DCE73-FE03-4B55-893E-3FA0DFA7579E}.Debug|Any CPU.Build.0 = Debug|Any CPU
		{344DCE73-FE03-4B55-893E-3FA0DFA7579E}.Release|Any CPU.ActiveCfg = Release|Any CPU
		{344DCE73-FE03-4B55-893E-3FA0DFA7579E}.Release|Any CPU.Build.0 = Release|Any CPU
		{49177C4F-E620-4EC8-96B7-98384E7E371F}.Debug|Any CPU.ActiveCfg = Debug|Any CPU
		{49177C4F-E620-4EC8-96B7-98384E7E371F}.Debug|Any CPU.Build.0 = Debug|Any CPU
		{49177C4F-E620-4EC8-96B7-98384E7E371F}.Release|Any CPU.ActiveCfg = Release|Any CPU
		{49177C4F-E620-4EC8-96B7-98384E7E371F}.Release|Any CPU.Build.0 = Release|Any CPU
		{70313924-8F1E-4FC3-923D-96EB8846BC73}.Debug|Any CPU.ActiveCfg = Debug|Any CPU
		{70313924-8F1E-4FC3-923D-96EB8846BC73}.Debug|Any CPU.Build.0 = Debug|Any CPU
		{70313924-8F1E-4FC3-923D-96EB8846BC73}.Release|Any CPU.ActiveCfg = Release|Any CPU
		{70313924-8F1E-4FC3-923D-96EB8846BC73}.Release|Any CPU.Build.0 = Release|Any CPU
	EndGlobalSection
	GlobalSection(SolutionProperties) = preSolution
		HideSolutionNode = FALSE
	EndGlobalSection
	GlobalSection(NestedProjects) = preSolution
		{1E080CE7-9CA1-410F-98D8-CC95A0DC09B9} = {D302C5A7-94AD-47F3-9F7B-00846BCF765B}
		{B6A4E19B-0BE9-4917-90DC-C6A33EBA2B99} = {D302C5A7-94AD-47F3-9F7B-00846BCF765B}
		{897DEA56-84B8-400A-BE32-860AC9403FD1} = {D302C5A7-94AD-47F3-9F7B-00846BCF765B}
		{EC93484B-B933-4766-A24C-4FCF2092299C} = {D302C5A7-94AD-47F3-9F7B-00846BCF765B}
		{3AD8E9D5-57FA-4EA8-A108-588B1221E387} = {829116D2-9215-45EC-9313-CD6E8DE18AA5}
		{1BEED5CE-CF74-4565-974B-65DBAAD1F382} = {829116D2-9215-45EC-9313-CD6E8DE18AA5}
		{DB29BF0C-C582-4F19-9694-B328747BF3B8} = {829116D2-9215-45EC-9313-CD6E8DE18AA5}
		{58A59689-C0BF-45F8-A2BC-04A3CB5ED6E5} = {B6A4E19B-0BE9-4917-90DC-C6A33EBA2B99}
		{373203DF-5D6F-43DD-B5CB-5A16BFF47585} = {B6A4E19B-0BE9-4917-90DC-C6A33EBA2B99}
		{58255A1F-D93C-45E0-A5BA-75583D8617A7} = {B6A4E19B-0BE9-4917-90DC-C6A33EBA2B99}
		{EBFF4266-F0C9-41E4-BE19-680E3447F434} = {897DEA56-84B8-400A-BE32-860AC9403FD1}
		{B50FD6C0-A451-41CB-98B1-FFA8FED9EE2F} = {897DEA56-84B8-400A-BE32-860AC9403FD1}
		{6D9C97D3-F19B-47D7-B70E-50A9CCF561F4} = {1E080CE7-9CA1-410F-98D8-CC95A0DC09B9}
		{78328D8E-9911-41A4-BC01-F98AAAD0BBDB} = {1E080CE7-9CA1-410F-98D8-CC95A0DC09B9}
		{038C9AAF-87E5-4637-99F1-650D58D2D05D} = {D302C5A7-94AD-47F3-9F7B-00846BCF765B}
		{42AE105C-8FA1-4AD7-ADEF-4673A2A308C6} = {1E080CE7-9CA1-410F-98D8-CC95A0DC09B9}
		{344DCE73-FE03-4B55-893E-3FA0DFA7579E} = {EC93484B-B933-4766-A24C-4FCF2092299C}
		{49177C4F-E620-4EC8-96B7-98384E7E371F} = {EC93484B-B933-4766-A24C-4FCF2092299C}
		{70313924-8F1E-4FC3-923D-96EB8846BC73} = {897DEA56-84B8-400A-BE32-860AC9403FD1}
	EndGlobalSection
	GlobalSection(ExtensibilityGlobals) = postSolution
		SolutionGuid = {00C5B4DC-91D0-43D6-94F0-B2CD3E6A111D}
	EndGlobalSection
EndGlobal
